{
  "name": "role-bot-alpha",
  "version": "1.0.0",
  "lockfileVersion": 1,
  "requires": true,
  "dependencies": {
    "commander": {
      "version": "3.0.2",
      "resolved": "https://registry.npmjs.org/commander/-/commander-3.0.2.tgz",
      "integrity": "sha512-Gar0ASD4BDyKC4hl4DwHqDrmvjoxWKZigVnAbn5H1owvm4CxCPdb0HQDehwNYMJpla5+M2tPmPARzhtYuwpHow=="
    },
    "node-fetch": {
      "version": "2.6.0",
      "resolved": "https://registry.npmjs.org/node-fetch/-/node-fetch-2.6.0.tgz",
      "integrity": "sha512-8dG4H5ujfvFiqDmVu9fQ5bOHUC15JMjMY/Zumv26oOvvVJjM67KF8koCWIabKQ1GJIa9r2mMZscBq/TbdOcmNA=="
    },
    "simple-fortnite-api": {
      "version": "0.1.9",
      "resolved": "https://registry.npmjs.org/simple-fortnite-api/-/simple-fortnite-api-0.1.9.tgz",
      "integrity": "sha512-UWkS3xCLitO5F5RGTF8xThl19nL35bpNQo8rUAJ5Bve2xXSuszEfGZnIQOA+dgapOqFxlCnJjdKMQqspp/TaAQ==",
      "requires": {
        "node-fetch": "^2.3.0"
      }
    },
    "urban": {
      "version": "0.3.2",
      "resolved": "https://registry.npmjs.org/urban/-/urban-0.3.2.tgz",
      "integrity": "sha512-B0/cCQNb1XCwHA0YGw1u9IavHMbHe8ruxkUNUlYHobMCAWdk0/gFfOCQQ11CQDmlFu4SUZRoVxrUF3kbE0gdog==",
      "requires": {
        "commander": ">=0.3.0"
      }
    }
  }
}
